
Microsoft Visual Studio Solution File, Format Version 12.00
# Visual Studio 2013
VisualStudioVersion = 12.0.31101.0
MinimumVisualStudioVersion = 10.0.40219.1
Project("{FAE04EC0-301F-11D3-BF4B-00C04F79EFBC}") = "MyStocks", "MyStocks\MyStocks.csproj", "{CBB61FBC-5C34-4457-81ED-C60EF7E087BF}"
EndProject
Project("{FAE04EC0-301F-11D3-BF4B-00C04F79EFBC}") = "OrganizeSelection", "OrganizeSelection\OrganizeSelection.csproj", "{233FB218-36CD-4002-B08A-F615FDC25DF1}"
EndProject
Project("{FAE04EC0-301F-11D3-BF4B-00C04F79EFBC}") = "AnalyzePastData", "AnalyzePastData\AnalyzePastData.csproj", "{1974C964-4BB3-4A3D-98F4-CD58540D492E}"
EndProject
Global
	GlobalSection(SolutionConfigurationPlatforms) = preSolution
		Debug|Any CPU = Debug|Any CPU
		Release|Any CPU = Release|Any CPU
	EndGlobalSection
	GlobalSection(ProjectConfigurationPlatforms) = postSolution
		{CBB61FBC-5C34-4457-81ED-C60EF7E087BF}.Debug|Any CPU.ActiveCfg = Debug|Any CPU
		{CBB61FBC-5C34-4457-81ED-C60EF7E087BF}.Debug|Any CPU.Build.0 = Debug|Any CPU
		{CBB61FBC-5C34-4457-81ED-C60EF7E087BF}.Release|Any CPU.ActiveCfg = Release|Any CPU
		{CBB61FBC-5C34-4457-81ED-C60EF7E087BF}.Release|Any CPU.Build.0 = Release|Any CPU
		{233FB218-36CD-4002-B08A-F615FDC25DF1}.Debug|Any CPU.ActiveCfg = Debug|Any CPU
		{233FB218-36CD-4002-B08A-F615FDC25DF1}.Debug|Any CPU.Build.0 = Debug|Any CPU
		{233FB218-36CD-4002-B08A-F615FDC25DF1}.Release|Any CPU.ActiveCfg = Release|Any CPU
		{233FB218-36CD-4002-B08A-F615FDC25DF1}.Release|Any CPU.Build.0 = Release|Any CPU
		{1974C964-4BB3-4A3D-98F4-CD58540D492E}.Debug|Any CPU.ActiveCfg = Debug|Any CPU
		{1974C964-4BB3-4A3D-98F4-CD58540D492E}.Debug|Any CPU.Build.0 = Debug|Any CPU
		{1974C964-4BB3-4A3D-98F4-CD58540D492E}.Release|Any CPU.ActiveCfg = Release|Any CPU
		{1974C964-4BB3-4A3D-98F4-CD58540D492E}.Release|Any CPU.Build.0 = Release|Any CPU
	EndGlobalSection
	GlobalSection(SolutionProperties) = preSolution
		HideSolutionNode = FALSE
	EndGlobalSection
EndGlobal
